
Microsoft Visual Studio Solution File, Format Version 12.00
# Visual Studio Version 17
VisualStudioVersion = 17.7.34031.279
MinimumVisualStudioVersion = 10.0.40219.1
Project("{FAE04EC0-301F-11D3-BF4B-00C04F79EFBC}") = "Lab3", "Lab3\Lab3.csproj", "{0D6D24D3-7FE4-4B0C-8A5C-A76F2937DD10}"
EndProject
Global
	GlobalSection(SolutionConfigurationPlatforms) = preSolution
		Debug|Any CPU = Debug|Any CPU
		Release|Any CPU = Release|Any CPU
	EndGlobalSection
	GlobalSection(ProjectConfigurationPlatforms) = postSolution
		{0D6D24D3-7FE4-4B0C-8A5C-A76F2937DD10}.Debug|Any CPU.ActiveCfg = Debug|Any CPU
		{0D6D24D3-7FE4-4B0C-8A5C-A76F2937DD10}.Debug|Any CPU.Build.0 = Debug|Any CPU
		{0D6D24D3-7FE4-4B0C-8A5C-A76F2937DD10}.Release|Any CPU.ActiveCfg = Release|Any CPU
		{0D6D24D3-7FE4-4B0C-8A5C-A76F2937DD10}.Release|Any CPU.Build.0 = Release|Any CPU
	EndGlobalSection
	GlobalSection(SolutionProperties) = preSolution
		HideSolutionNode = FALSE
	EndGlobalSection
	GlobalSection(ExtensibilityGlobals) = postSolution
		SolutionGuid = {4DC50E2D-1C5D-4FC9-999D-94D7DB42F30A}
	EndGlobalSection
EndGlobal
